
Microsoft Visual Studio Solution File, Format Version 12.00
# Visual Studio 15
VisualStudioVersion = 15.0.27703.2026
MinimumVisualStudioVersion = 10.0.40219.1
Project("{FAE04EC0-301F-11D3-BF4B-00C04F79EFBC}") = "CityInfo.API", "CityInfo.API\CityInfo.API.csproj", "{F9FA75AB-FA5F-4227-AE7D-BF276DE8C19E}"
EndProject
Global
	GlobalSection(SolutionConfigurationPlatforms) = preSolution
		Debug|Any CPU = Debug|Any CPU
		Release|Any CPU = Release|Any CPU
	EndGlobalSection
	GlobalSection(ProjectConfigurationPlatforms) = postSolution
		{F9FA75AB-FA5F-4227-AE7D-BF276DE8C19E}.Debug|Any CPU.ActiveCfg = Debug|Any CPU
		{F9FA75AB-FA5F-4227-AE7D-BF276DE8C19E}.Debug|Any CPU.Build.0 = Debug|Any CPU
		{F9FA75AB-FA5F-4227-AE7D-BF276DE8C19E}.Release|Any CPU.ActiveCfg = Release|Any CPU
		{F9FA75AB-FA5F-4227-AE7D-BF276DE8C19E}.Release|Any CPU.Build.0 = Release|Any CPU
	EndGlobalSection
	GlobalSection(SolutionProperties) = preSolution
		HideSolutionNode = FALSE
	EndGlobalSection
	GlobalSection(ExtensibilityGlobals) = postSolution
		SolutionGuid = {4EDC7E2E-8B3B-4B4B-ABB5-3FF8106079C2}
	EndGlobalSection
EndGlobal
